
Microsoft Visual Studio Solution File, Format Version 11.00
# Visual Studio 2010
Project("{F184B08F-C81C-45F6-A57F-5ABD9991F28F}") = "MSOfficeAppLauncher64", "MSOfficeAppLauncher64.vbproj", "{7BC4D851-41C7-47FA-92C2-A9F44F2A96DB}"
EndProject
Global
	GlobalSection(SolutionConfigurationPlatforms) = preSolution
		Debug|x86 = Debug|x86
		Release|x86 = Release|x86
	EndGlobalSection
	GlobalSection(ProjectConfigurationPlatforms) = postSolution
		{7BC4D851-41C7-47FA-92C2-A9F44F2A96DB}.Debug|x86.ActiveCfg = Debug|x86
		{7BC4D851-41C7-47FA-92C2-A9F44F2A96DB}.Debug|x86.Build.0 = Debug|x86
		{7BC4D851-41C7-47FA-92C2-A9F44F2A96DB}.Release|x86.ActiveCfg = Release|x86
		{7BC4D851-41C7-47FA-92C2-A9F44F2A96DB}.Release|x86.Build.0 = Release|x86
	EndGlobalSection
	GlobalSection(SolutionProperties) = preSolution
		HideSolutionNode = FALSE
	EndGlobalSection
EndGlobal
